// !$*UTF8*$!
{
	archiveVersion = 1;
	classes = {
	};
	objectVersion = 48;
	objects = {

/* Begin PBXBuildFile section */
		7F32AD641FE1BE3F000E59F8 /* VanillaVC.swift in Sources */ = {isa = PBXBuildFile; fileRef = 7F32AD631FE1BE3F000E59F8 /* VanillaVC.swift */; };
		7F32AD661FE1BE69000E59F8 /* TextVC.swift in Sources */ = {isa = PBXBuildFile; fileRef = 7F32AD651FE1BE69000E59F8 /* TextVC.swift */; };
		7F32AD681FE1C057000E59F8 /* MultipleObjectsVC.swift in Sources */ = {isa = PBXBuildFile; fileRef = 7F32AD671FE1C057000E59F8 /* MultipleObjectsVC.swift */; };
		7F32AD6A1FE1C3B2000E59F8 /* TouchDetectionVC.swift in Sources */ = {isa = PBXBuildFile; fileRef = 7F32AD691FE1C3B2000E59F8 /* TouchDetectionVC.swift */; };
		7F32AD6D1FE1C5DF000E59F8 /* allForNow.swift in Sources */ = {isa = PBXBuildFile; fileRef = 7F32AD6C1FE1C5DF000E59F8 /* allForNow.swift */; };
		7F32AD6F1FE1C8C4000E59F8 /* PlaneDetectionVC.swift in Sources */ = {isa = PBXBuildFile; fileRef = 7F32AD6E1FE1C8C4000E59F8 /* PlaneDetectionVC.swift */; };
		7F4BCE6E1FE07E0F00322494 /* AppDelegate.swift in Sources */ = {isa = PBXBuildFile; fileRef = 7F4BCE6D1FE07E0F00322494 /* AppDelegate.swift */; };
		7F4BCE701FE07E0F00322494 /* art.scnassets in Resources */ = {isa = PBXBuildFile; fileRef = 7F4BCE6F1FE07E0F00322494 /* art.scnassets */; };
		7F4BCE721FE07E0F00322494 /* ViewController.swift in Sources */ = {isa = PBXBuildFile; fileRef = 7F4BCE711FE07E0F00322494 /* ViewController.swift */; };
		7F4BCE751FE07E0F00322494 /* Main.storyboard in Resources */ = {isa = PBXBuildFile; fileRef = 7F4BCE731FE07E0F00322494 /* Main.storyboard */; };
		7F4BCE771FE07E0F00322494 /* Assets.xcassets in Resources */ = {isa = PBXBuildFile; fileRef = 7F4BCE761FE07E0F00322494 /* Assets.xcassets */; };
		7F4BCE7A1FE07E0F00322494 /* LaunchScreen.storyboard in Resources */ = {isa = PBXBuildFile; fileRef = 7F4BCE781FE07E0F00322494 /* LaunchScreen.storyboard */; };
		7F4BCE831FE07E3A00322494 /* SimpleBoxVC.swift in Sources */ = {isa = PBXBuildFile; fileRef = 7F4BCE821FE07E3A00322494 /* SimpleBoxVC.swift */; };
/* End PBXBuildFile section */

/* Begin PBXFileReference section */
		7F32AD631FE1BE3F000E59F8 /* VanillaVC.swift */ = {isa = PBXFileReference; lastKnownFileType = sourcecode.swift; path = VanillaVC.swift; sourceTree = "<group>"; };
		7F32AD651FE1BE69000E59F8 /* TextVC.swift */ = {isa = PBXFileReference; lastKnownFileType = sourcecode.swift; path = TextVC.swift; sourceTree = "<group>"; };
		7F32AD671FE1C057000E59F8 /* MultipleObjectsVC.swift */ = {isa = PBXFileReference; lastKnownFileType = sourcecode.swift; path = MultipleObjectsVC.swift; sourceTree = "<group>"; };
		7F32AD691FE1C3B2000E59F8 /* TouchDetectionVC.swift */ = {isa = PBXFileReference; lastKnownFileType = sourcecode.swift; path = TouchDetectionVC.swift; sourceTree = "<group>"; };
		7F32AD6C1FE1C5DF000E59F8 /* allForNow.swift */ = {isa = PBXFileReference; lastKnownFileType = sourcecode.swift; path = allForNow.swift; sourceTree = "<group>"; };
		7F32AD6E1FE1C8C4000E59F8 /* PlaneDetectionVC.swift */ = {isa = PBXFileReference; lastKnownFileType = sourcecode.swift; path = PlaneDetectionVC.swift; sourceTree = "<group>"; };
		7F4BCE6A1FE07E0F00322494 /* App.app */ = {isa = PBXFileReference; explicitFileType = wrapper.application; includeInIndex = 0; path = App.app; sourceTree = BUILT_PRODUCTS_DIR; };
		7F4BCE6D1FE07E0F00322494 /* AppDelegate.swift */ = {isa = PBXFileReference; lastKnownFileType = sourcecode.swift; path = AppDelegate.swift; sourceTree = "<group>"; };
		7F4BCE6F1FE07E0F00322494 /* art.scnassets */ = {isa = PBXFileReference; lastKnownFileType = wrapper.scnassets; path = art.scnassets; sourceTree = "<group>"; };
		7F4BCE711FE07E0F00322494 /* ViewController.swift */ = {isa = PBXFileReference; lastKnownFileType = sourcecode.swift; path = ViewController.swift; sourceTree = "<group>"; };
		7F4BCE741FE07E0F00322494 /* Base */ = {isa = PBXFileReference; lastKnownFileType = file.storyboard; name = Base; path = Base.lproj/Main.storyboard; sourceTree = "<group>"; };
		7F4BCE761FE07E0F00322494 /* Assets.xcassets */ = {isa = PBXFileReference; lastKnownFileType = folder.assetcatalog; path = Assets.xcassets; sourceTree = "<group>"; };
		7F4BCE791FE07E0F00322494 /* Base */ = {isa = PBXFileReference; lastKnownFileType = file.storyboard; name = Base; path = Base.lproj/LaunchScreen.storyboard; sourceTree = "<group>"; };
		7F4BCE7B1FE07E0F00322494 /* Info.plist */ = {isa = PBXFileReference; lastKnownFileType = text.plist.xml; path = Info.plist; sourceTree = "<group>"; };
		7F4BCE821FE07E3A00322494 /* SimpleBoxVC.swift */ = {isa = PBXFileReference; lastKnownFileType = sourcecode.swift; path = SimpleBoxVC.swift; sourceTree = "<group>"; };
/* End PBXFileReference section */

/* Begin PBXFrameworksBuildPhase section */
		7F4BCE671FE07E0F00322494 /* Frameworks */ = {
			isa = PBXFrameworksBuildPhase;
			buildActionMask = 2147483647;
			files = (
			);
			runOnlyForDeploymentPostprocessing = 0;
		};
/* End PBXFrameworksBuildPhase section */

/* Begin PBXGroup section */
		7F32AD6B1FE1C5A8000E59F8 /* Extension */ = {
			isa = PBXGroup;
			children = (
				7F32AD6C1FE1C5DF000E59F8 /* allForNow.swift */,
			);
			path = Extension;
			sourceTree = "<group>";
		};
		7F4BCE611FE07E0F00322494 = {
			isa = PBXGroup;
			children = (
				7F4BCE6C1FE07E0F00322494 /* App */,
				7F4BCE6B1FE07E0F00322494 /* Products */,
			);
			sourceTree = "<group>";
		};
		7F4BCE6B1FE07E0F00322494 /* Products */ = {
			isa = PBXGroup;
			children = (
				7F4BCE6A1FE07E0F00322494 /* App.app */,
			);
			name = Products;
			sourceTree = "<group>";
		};
		7F4BCE6C1FE07E0F00322494 /* App */ = {
			isa = PBXGroup;
			children = (
				7F32AD6B1FE1C5A8000E59F8 /* Extension */,
				7F4BCE811FE07E2700322494 /* View Controllers */,
				7F4BCE6D1FE07E0F00322494 /* AppDelegate.swift */,
				7F4BCE6F1FE07E0F00322494 /* art.scnassets */,
				7F4BCE711FE07E0F00322494 /* ViewController.swift */,
				7F4BCE731FE07E0F00322494 /* Main.storyboard */,
				7F4BCE761FE07E0F00322494 /* Assets.xcassets */,
				7F4BCE781FE07E0F00322494 /* LaunchScreen.storyboard */,
				7F4BCE7B1FE07E0F00322494 /* Info.plist */,
			);
			path = App;
			sourceTree = "<group>";
		};
		7F4BCE811FE07E2700322494 /* View Controllers */ = {
			isa = PBXGroup;
			children = (
				7F4BCE821FE07E3A00322494 /* SimpleBoxVC.swift */,
				7F32AD631FE1BE3F000E59F8 /* VanillaVC.swift */,
				7F32AD651FE1BE69000E59F8 /* TextVC.swift */,
				7F32AD671FE1C057000E59F8 /* MultipleObjectsVC.swift */,
				7F32AD691FE1C3B2000E59F8 /* TouchDetectionVC.swift */,
				7F32AD6E1FE1C8C4000E59F8 /* PlaneDetectionVC.swift */,
			);
			path = "View Controllers";
			sourceTree = "<group>";
		};
/* End PBXGroup section */

/* Begin PBXNativeTarget section */
		7F4BCE691FE07E0F00322494 /* App */ = {
			isa = PBXNativeTarget;
			buildConfigurationList = 7F4BCE7E1FE07E0F00322494 /* Build configuration list for PBXNativeTarget "App" */;
			buildPhases = (
				7F4BCE661FE07E0F00322494 /* Sources */,
				7F4BCE671FE07E0F00322494 /* Frameworks */,
				7F4BCE681FE07E0F00322494 /* Resources */,
			);
			buildRules = (
			);
			dependencies = (
			);
			name = App;
			productName = App;
			productReference = 7F4BCE6A1FE07E0F00322494 /* App.app */;
			productType = "com.apple.product-type.application";
		};
/* End PBXNativeTarget section */

/* Begin PBXProject section */
		7F4BCE621FE07E0F00322494 /* Project object */ = {
			isa = PBXProject;
			attributes = {
				LastSwiftUpdateCheck = 0910;
				LastUpgradeCheck = 0910;
				ORGANIZATIONNAME = Gareth;
				TargetAttributes = {
					7F4BCE691FE07E0F00322494 = {
						CreatedOnToolsVersion = 9.1;
						ProvisioningStyle = Automatic;
					};
				};
			};
			buildConfigurationList = 7F4BCE651FE07E0F00322494 /* Build configuration list for PBXProject "App" */;
			compatibilityVersion = "Xcode 8.0";
			developmentRegion = en;
			hasScannedForEncodings = 0;
			knownRegions = (
				en,
				Base,
			);
			mainGroup = 7F4BCE611FE07E0F00322494;
			productRefGroup = 7F4BCE6B1FE07E0F00322494 /* Products */;
			projectDirPath = "";
			projectRoot = "";
			targets = (
				7F4BCE691FE07E0F00322494 /* App */,
			);
		};
/* End PBXProject section */

/* Begin PBXResourcesBuildPhase section */
		7F4BCE681FE07E0F00322494 /* Resources */ = {
			isa = PBXResourcesBuildPhase;
			buildActionMask = 2147483647;
			files = (
				7F4BCE701FE07E0F00322494 /* art.scnassets in Resources */,
				7F4BCE7A1FE07E0F00322494 /* LaunchScreen.storyboard in Resources */,
				7F4BCE771FE07E0F00322494 /* Assets.xcassets in Resources */,
				7F4BCE751FE07E0F00322494 /* Main.storyboard in Resources */,
			);
			runOnlyForDeploymentPostprocessing = 0;
		};
/* End PBXResourcesBuildPhase section */

/* Begin PBXSourcesBuildPhase section */
		7F4BCE661FE07E0F00322494 /* Sources */ = {
			isa = PBXSourcesBuildPhase;
			buildActionMask = 2147483647;
			files = (
				7F32AD6F1FE1C8C4000E59F8 /* PlaneDetectionVC.swift in Sources */,
				7F32AD6A1FE1C3B2000E59F8 /* TouchDetectionVC.swift in Sources */,
				7F4BCE721FE07E0F00322494 /* ViewController.swift in Sources */,
				7F4BCE831FE07E3A00322494 /* SimpleBoxVC.swift in Sources */,
				7F32AD641FE1BE3F000E59F8 /* VanillaVC.swift in Sources */,
				7F4BCE6E1FE07E0F00322494 /* AppDelegate.swift in Sources */,
				7F32AD661FE1BE69000E59F8 /* TextVC.swift in Sources */,
				7F32AD6D1FE1C5DF000E59F8 /* allForNow.swift in Sources */,
				7F32AD681FE1C057000E59F8 /* MultipleObjectsVC.swift in Sources */,
			);
			runOnlyForDeploymentPostprocessing = 0;
		};
/* End PBXSourcesBuildPhase section */

/* Begin PBXVariantGroup section */
		7F4BCE731FE07E0F00322494 /* Main.storyboard */ = {
			isa = PBXVariantGroup;
			children = (
				7F4BCE741FE07E0F00322494 /* Base */,
			);
			name = Main.storyboard;
			sourceTree = "<group>";
		};
		7F4BCE781FE07E0F00322494 /* LaunchScreen.storyboard */ = {
			isa = PBXVariantGroup;
			children = (
				7F4BCE791FE07E0F00322494 /* Base */,
			);
			name = LaunchScreen.storyboard;
			sourceTree = "<group>";
		};
/* End PBXVariantGroup section */

/* Begin XCBuildConfiguration section */
		7F4BCE7C1FE07E0F00322494 /* Debug */ = {
			isa = XCBuildConfiguration;
			buildSettings = {
				ALWAYS_SEARCH_USER_PATHS = NO;
				CLANG_ANALYZER_NONNULL = YES;
				CLANG_ANALYZER_NUMBER_OBJECT_CONVERSION = YES_AGGRESSIVE;
				CLANG_CXX_LANGUAGE_STANDARD = "gnu++14";
				CLANG_CXX_LIBRARY = "libc++";
				CLANG_ENABLE_MODULES = YES;
				CLANG_ENABLE_OBJC_ARC = YES;
				CLANG_WARN_BLOCK_CAPTURE_AUTORELEASING = YES;
				CLANG_WARN_BOOL_CONVERSION = YES;
				CLANG_WARN_COMMA = YES;
				CLANG_WARN_CONSTANT_CONVERSION = YES;
				CLANG_WARN_DIRECT_OBJC_ISA_USAGE = YES_ERROR;
				CLANG_WARN_DOCUMENTATION_COMMENTS = YES;
				CLANG_WARN_EMPTY_BODY = YES;
				CLANG_WARN_ENUM_CONVERSION = YES;
				CLANG_WARN_INFINITE_RECURSION = YES;
				CLANG_WARN_INT_CONVERSION = YES;
				CLANG_WARN_NON_LITERAL_NULL_CONVERSION = YES;
				CLANG_WARN_OBJC_LITERAL_CONVERSION = YES;
				CLANG_WARN_OBJC_ROOT_CLASS = YES_ERROR;
				CLANG_WARN_RANGE_LOOP_ANALYSIS = YES;
				CLANG_WARN_STRICT_PROTOTYPES = YES;
				CLANG_WARN_SUSPICIOUS_MOVE = YES;
				CLANG_WARN_UNGUARDED_AVAILABILITY = YES_AGGRESSIVE;
				CLANG_WARN_UNREACHABLE_CODE = YES;
				CLANG_WARN__DUPLICATE_METHOD_MATCH = YES;
				CODE_SIGN_IDENTITY = "iPhone Developer";
				COPY_PHASE_STRIP = NO;
				DEBUG_INFORMATION_FORMAT = dwarf;
				ENABLE_STRICT_OBJC_MSGSEND = YES;
				ENABLE_TESTABILITY = YES;
				GCC_C_LANGUAGE_STANDARD = gnu11;
				GCC_DYNAMIC_NO_PIC = NO;
				GCC_NO_COMMON_BLOCKS = YES;
				GCC_OPTIMIZATION_LEVEL = 0;
				GCC_PREPROCESSOR_DEFINITIONS = (
					"DEBUG=1",
					"$(inherited)",
				);
				GCC_WARN_64_TO_32_BIT_CONVERSION = YES;
				GCC_WARN_ABOUT_RETURN_TYPE = YES_ERROR;
				GCC_WARN_UNDECLARED_SELECTOR = YES;
				GCC_WARN_UNINITIALIZED_AUTOS = YES_AGGRESSIVE;
				GCC_WARN_UNUSED_FUNCTION = YES;
				GCC_WARN_UNUSED_VARIABLE = YES;
				IPHONEOS_DEPLOYMENT_TARGET = 11.1;
				MTL_ENABLE_DEBUG_INFO = YES;
				ONLY_ACTIVE_ARCH = YES;
				SDKROOT = iphoneos;
				SWIFT_ACTIVE_COMPILATION_CONDITIONS = DEBUG;
				SWIFT_OPTIMIZATION_LEVEL = "-Onone";
			};
			name = Debug;
		};
		7F4BCE7D1FE07E0F00322494 /* Release */ = {
			isa = XCBuildConfiguration;
			buildSettings = {
				ALWAYS_SEARCH_USER_PATHS = NO;
				CLANG_ANALYZER_NONNULL = YES;
				CLANG_ANALYZER_NUMBER_OBJECT_CONVERSION = YES_AGGRESSIVE;
				CLANG_CXX_LANGUAGE_STANDARD = "gnu++14";
				CLANG_CXX_LIBRARY = "libc++";
				CLANG_ENABLE_MODULES = YES;
				CLANG_ENABLE_OBJC_ARC = YES;
				CLANG_WARN_BLOCK_CAPTURE_AUTORELEASING = YES;
				CLANG_WARN_BOOL_CONVERSION = YES;
				CLANG_WARN_COMMA = YES;
				CLANG_WARN_CONSTANT_CONVERSION = YES;
				CLANG_WARN_DIRECT_OBJC_ISA_USAGE = YES_ERROR;
				CLANG_WARN_DOCUMENTATION_COMMENTS = YES;
				CLANG_WARN_EMPTY_BODY = YES;
				CLANG_WARN_ENUM_CONVERSION = YES;
				CLANG_WARN_INFINITE_RECURSION = YES;
				CLANG_WARN_INT_CONVERSION = YES;
				CLANG_WARN_NON_LITERAL_NULL_CONVERSION = YES;
				CLANG_WARN_OBJC_LITERAL_CONVERSION = YES;
				CLANG_WARN_OBJC_ROOT_CLASS = YES_ERROR;
				CLANG_WARN_RANGE_LOOP_ANALYSIS = YES;
				CLANG_WARN_STRICT_PROTOTYPES = YES;
				CLANG_WARN_SUSPICIOUS_MOVE = YES;
				CLANG_WARN_UNGUARDED_AVAILABILITY = YES_AGGRESSIVE;
				CLANG_WARN_UNREACHABLE_CODE = YES;
				CLANG_WARN__DUPLICATE_METHOD_MATCH = YES;
				CODE_SIGN_IDENTITY = "iPhone Developer";
				COPY_PHASE_STRIP = NO;
				DEBUG_INFORMATION_FORMAT = "dwarf-with-dsym";
				ENABLE_NS_ASSERTIONS = NO;
				ENABLE_STRICT_OBJC_MSGSEND = YES;
				GCC_C_LANGUAGE_STANDARD = gnu11;
				GCC_NO_COMMON_BLOCKS = YES;
				GCC_WARN_64_TO_32_BIT_CONVERSION = YES;
				GCC_WARN_ABOUT_RETURN_TYPE = YES_ERROR;
				GCC_WARN_UNDECLARED_SELECTOR = YES;
				GCC_WARN_UNINITIALIZED_AUTOS = YES_AGGRESSIVE;
				GCC_WARN_UNUSED_FUNCTION = YES;
				GCC_WARN_UNUSED_VARIABLE = YES;
				IPHONEOS_DEPLOYMENT_TARGET = 11.1;
				MTL_ENABLE_DEBUG_INFO = NO;
				SDKROOT = iphoneos;
				SWIFT_OPTIMIZATION_LEVEL = "-Owholemodule";
				VALIDATE_PRODUCT = YES;
			};
			name = Release;
		};
		7F4BCE7F1FE07E0F00322494 /* Debug */ = {
			isa = XCBuildConfiguration;
			buildSettings = {
				ASSETCATALOG_COMPILER_APPICON_NAME = AppIcon;
				CODE_SIGN_STYLE = Automatic;
				DEVELOPMENT_TEAM = 8FKH4NP47S;
				INFOPLIST_FILE = App/Info.plist;
				LD_RUNPATH_SEARCH_PATHS = "$(inherited) @executable_path/Frameworks";
				PRODUCT_BUNDLE_IDENTIFIER = gareth.fuller.App;
				PRODUCT_NAME = "$(TARGET_NAME)";
				SWIFT_VERSION = 4.0;
				TARGETED_DEVICE_FAMILY = "1,2";
			};
			name = Debug;
		};
		7F4BCE801FE07E0F00322494 /* Release */ = {
			isa = XCBuildConfiguration;
			buildSettings = {
				ASSETCATALOG_COMPILER_APPICON_NAME = AppIcon;
				CODE_SIGN_STYLE = Automatic;
				DEVELOPMENT_TEAM = 8FKH4NP47S;
				INFOPLIST_FILE = App/Info.plist;
				LD_RUNPATH_SEARCH_PATHS = "$(inherited) @executable_path/Frameworks";
				PRODUCT_BUNDLE_IDENTIFIER = gareth.fuller.App;
				PRODUCT_NAME = "$(TARGET_NAME)";
				SWIFT_VERSION = 4.0;
				TARGETED_DEVICE_FAMILY = "1,2";
			};
			name = Release;
		};
/* End XCBuildConfiguration section */

/* Begin XCConfigurationList section */
		7F4BCE651FE07E0F00322494 /* Build configuration list for PBXProject "App" */ = {
			isa = XCConfigurationList;
			buildConfigurations = (
				7F4BCE7C1FE07E0F00322494 /* Debug */,
				7F4BCE7D1FE07E0F00322494 /* Release */,
			);
			defaultConfigurationIsVisible = 0;
			defaultConfigurationName = Release;
		};
		7F4BCE7E1FE07E0F00322494 /* Build configuration list for PBXNativeTarget "App" */ = {
			isa = XCConfigurationList;
			buildConfigurations = (
				7F4BCE7F1FE07E0F00322494 /* Debug */,
				7F4BCE801FE07E0F00322494 /* Release */,
			);
			defaultConfigurationIsVisible = 0;
			defaultConfigurationName = Release;
		};
/* End XCConfigurationList section */
	};
	rootObject = 7F4BCE621FE07E0F00322494 /* Project object */;
}
